
Microsoft Visual Studio Solution File, Format Version 12.00
# Visual Studio Version 17
VisualStudioVersion = 17.4.33205.214
MinimumVisualStudioVersion = 10.0.40219.1
Project("{9A19103F-16F7-4668-BE54-9A1E7A4F7556}") = "webapi-mock", "webapi-mock\webapi-mock.csproj", "{010D6660-3F5C-4F5E-BCA2-A5C71AF03E0F}"
EndProject
Global
	GlobalSection(SolutionConfigurationPlatforms) = preSolution
		Debug|Any CPU = Debug|Any CPU
		Release|Any CPU = Release|Any CPU
	EndGlobalSection
	GlobalSection(ProjectConfigurationPlatforms) = postSolution
		{010D6660-3F5C-4F5E-BCA2-A5C71AF03E0F}.Debug|Any CPU.ActiveCfg = Debug|Any CPU
		{010D6660-3F5C-4F5E-BCA2-A5C71AF03E0F}.Debug|Any CPU.Build.0 = Debug|Any CPU
		{010D6660-3F5C-4F5E-BCA2-A5C71AF03E0F}.Release|Any CPU.ActiveCfg = Release|Any CPU
		{010D6660-3F5C-4F5E-BCA2-A5C71AF03E0F}.Release|Any CPU.Build.0 = Release|Any CPU
	EndGlobalSection
	GlobalSection(SolutionProperties) = preSolution
		HideSolutionNode = FALSE
	EndGlobalSection
	GlobalSection(ExtensibilityGlobals) = postSolution
		SolutionGuid = {18FB0463-3963-4EBE-A38D-8BAC65F051B9}
	EndGlobalSection
EndGlobal
